
Microsoft Visual Studio Solution File, Format Version 12.00
# Visual Studio Version 17
VisualStudioVersion = 17.1.32319.34
MinimumVisualStudioVersion = 10.0.40219.1
Project("{FAE04EC0-301F-11D3-BF4B-00C04F79EFBC}") = "flamingo-contract-swap", "flamingo-contract-swap\flamingo-contract-swap.csproj", "{56E0E672-43DB-441E-A223-5AC158AAD487}"
EndProject
Project("{9A19103F-16F7-4668-BE54-9A1E7A4F7556}") = "FlamingoSwapPair", "FlamingoSwapPair\FlamingoSwapPair.csproj", "{B3C9F843-1172-4A3C-A36B-681AF68907F8}"
EndProject
Project("{9A19103F-16F7-4668-BE54-9A1E7A4F7556}") = "FlamingoSwapRouter", "FlamingoSwapRouter\FlamingoSwapRouter.csproj", "{6B1E966F-2F8F-4B8F-9613-BC64EAE32783}"
EndProject
Project("{9A19103F-16F7-4668-BE54-9A1E7A4F7556}") = "FlamingoSwapPairWhiteList", "FlamingoSwapPairWhiteList\FlamingoSwapPairWhiteList.csproj", "{F1EAFA3A-A911-4433-8C66-1C54CF7964B6}"
EndProject
Project("{9A19103F-16F7-4668-BE54-9A1E7A4F7556}") = "FlashLoanTemple", "FlashLoanTemple\FlashLoanTemple.csproj", "{B4C0E2F9-E311-4502-8BDA-008EBD5C5BE7}"
EndProject
Project("{9A19103F-16F7-4668-BE54-9A1E7A4F7556}") = "FlamingoSwapFactory", "FlamingoSwapFactory\FlamingoSwapFactory.csproj", "{7F4FDB74-D11E-45A7-B6A0-C85D4528748A}"
EndProject
Project("{FAE04EC0-301F-11D3-BF4B-00C04F79EFBC}") = "ProxyTemplate", "ProxyTemplate\ProxyTemplate.csproj", "{71582763-E444-4646-BCCD-828BE7859047}"
EndProject
Global
	GlobalSection(SolutionConfigurationPlatforms) = preSolution
		Debug|Any CPU = Debug|Any CPU
		Release|Any CPU = Release|Any CPU
	EndGlobalSection
	GlobalSection(ProjectConfigurationPlatforms) = postSolution
		{56E0E672-43DB-441E-A223-5AC158AAD487}.Debug|Any CPU.ActiveCfg = Debug|Any CPU
		{56E0E672-43DB-441E-A223-5AC158AAD487}.Debug|Any CPU.Build.0 = Debug|Any CPU
		{56E0E672-43DB-441E-A223-5AC158AAD487}.Release|Any CPU.ActiveCfg = Release|Any CPU
		{56E0E672-43DB-441E-A223-5AC158AAD487}.Release|Any CPU.Build.0 = Release|Any CPU
		{B3C9F843-1172-4A3C-A36B-681AF68907F8}.Debug|Any CPU.ActiveCfg = Debug|Any CPU
		{B3C9F843-1172-4A3C-A36B-681AF68907F8}.Debug|Any CPU.Build.0 = Debug|Any CPU
		{B3C9F843-1172-4A3C-A36B-681AF68907F8}.Release|Any CPU.ActiveCfg = Release|Any CPU
		{B3C9F843-1172-4A3C-A36B-681AF68907F8}.Release|Any CPU.Build.0 = Release|Any CPU
		{6B1E966F-2F8F-4B8F-9613-BC64EAE32783}.Debug|Any CPU.ActiveCfg = Debug|Any CPU
		{6B1E966F-2F8F-4B8F-9613-BC64EAE32783}.Debug|Any CPU.Build.0 = Debug|Any CPU
		{6B1E966F-2F8F-4B8F-9613-BC64EAE32783}.Release|Any CPU.ActiveCfg = Release|Any CPU
		{6B1E966F-2F8F-4B8F-9613-BC64EAE32783}.Release|Any CPU.Build.0 = Release|Any CPU
		{F1EAFA3A-A911-4433-8C66-1C54CF7964B6}.Debug|Any CPU.ActiveCfg = Debug|Any CPU
		{F1EAFA3A-A911-4433-8C66-1C54CF7964B6}.Debug|Any CPU.Build.0 = Debug|Any CPU
		{F1EAFA3A-A911-4433-8C66-1C54CF7964B6}.Release|Any CPU.ActiveCfg = Release|Any CPU
		{F1EAFA3A-A911-4433-8C66-1C54CF7964B6}.Release|Any CPU.Build.0 = Release|Any CPU
		{B4C0E2F9-E311-4502-8BDA-008EBD5C5BE7}.Debug|Any CPU.ActiveCfg = Debug|Any CPU
		{B4C0E2F9-E311-4502-8BDA-008EBD5C5BE7}.Debug|Any CPU.Build.0 = Debug|Any CPU
		{B4C0E2F9-E311-4502-8BDA-008EBD5C5BE7}.Release|Any CPU.ActiveCfg = Release|Any CPU
		{B4C0E2F9-E311-4502-8BDA-008EBD5C5BE7}.Release|Any CPU.Build.0 = Release|Any CPU
		{7F4FDB74-D11E-45A7-B6A0-C85D4528748A}.Debug|Any CPU.ActiveCfg = Debug|Any CPU
		{7F4FDB74-D11E-45A7-B6A0-C85D4528748A}.Debug|Any CPU.Build.0 = Debug|Any CPU
		{7F4FDB74-D11E-45A7-B6A0-C85D4528748A}.Release|Any CPU.ActiveCfg = Release|Any CPU
		{7F4FDB74-D11E-45A7-B6A0-C85D4528748A}.Release|Any CPU.Build.0 = Release|Any CPU
		{71582763-E444-4646-BCCD-828BE7859047}.Debug|Any CPU.ActiveCfg = Debug|Any CPU
		{71582763-E444-4646-BCCD-828BE7859047}.Debug|Any CPU.Build.0 = Debug|Any CPU
		{71582763-E444-4646-BCCD-828BE7859047}.Release|Any CPU.ActiveCfg = Release|Any CPU
		{71582763-E444-4646-BCCD-828BE7859047}.Release|Any CPU.Build.0 = Release|Any CPU
	EndGlobalSection
	GlobalSection(SolutionProperties) = preSolution
		HideSolutionNode = FALSE
	EndGlobalSection
	GlobalSection(ExtensibilityGlobals) = postSolution
		SolutionGuid = {468875A8-D1AA-43D4-9551-8176ECD57873}
	EndGlobalSection
EndGlobal
